Microsoft Visual Studio Solution File, Format Version 12.00
# Visual Studio Version 17
VisualStudioVersion = 17.5.2.0
MinimumVisualStudioVersion = 10.0.40219.1
Project("{FAE04EC0-301F-11D3-BF4B-00C04F79EFBC}") = "plataforma-tcc", "plataforma-tcc.csproj", "{C7479F0D-9AEB-7C56-0A5A-B943520433F2}"
EndProject
Global
	GlobalSection(SolutionConfigurationPlatforms) = preSolution
		Debug|Any CPU = Debug|Any CPU
		Release|Any CPU = Release|Any CPU
	EndGlobalSection
	GlobalSection(ProjectConfigurationPlatforms) = postSolution
		{C7479F0D-9AEB-7C56-0A5A-B943520433F2}.Debug|Any CPU.ActiveCfg = Debug|Any CPU
		{C7479F0D-9AEB-7C56-0A5A-B943520433F2}.Debug|Any CPU.Build.0 = Debug|Any CPU
		{C7479F0D-9AEB-7C56-0A5A-B943520433F2}.Release|Any CPU.ActiveCfg = Release|Any CPU
		{C7479F0D-9AEB-7C56-0A5A-B943520433F2}.Release|Any CPU.Build.0 = Release|Any CPU
	EndGlobalSection
	GlobalSection(SolutionProperties) = preSolution
		HideSolutionNode = FALSE
	EndGlobalSection
	GlobalSection(ExtensibilityGlobals) = postSolution
		SolutionGuid = {D479D570-9D27-41CA-A066-9CE520A8475D}
	EndGlobalSection
EndGlobal
